// !$*UTF8*$!
{
	archiveVersion = 1;
	classes = {
	};
	objectVersion = 77;
	objects = {

/* Begin PBXBuildFile section */
		CF2760AA2D58CE2C002A6DED /* TodoTableViewCell.swift in Sources */ = {isa = PBXBuildFile; fileRef = CF2760A92D58CE2C002A6DED /* TodoTableViewCell.swift */; };
		CF2760AC2D58D516002A6DED /* TodoCellSize.swift in Sources */ = {isa = PBXBuildFile; fileRef = CF2760AB2D58D516002A6DED /* TodoCellSize.swift */; };
		CF6DF32A2D53E7D600D5F369 /* UIInsets.swift in Sources */ = {isa = PBXBuildFile; fileRef = CF6DF3292D53E7D600D5F369 /* UIInsets.swift */; };
		CF6DF32C2D53E80300D5F369 /* HeaderSize.swift in Sources */ = {isa = PBXBuildFile; fileRef = CF6DF32B2D53E80300D5F369 /* HeaderSize.swift */; };
		CF7512962D50F6AF009775B5 /* Assets.xcassets in Resources */ = {isa = PBXBuildFile; fileRef = CF75128D2D50F6AF009775B5 /* Assets.xcassets */; };
		CF7512982D50F6AF009775B5 /* LaunchScreen.storyboard in Resources */ = {isa = PBXBuildFile; fileRef = CF7512902D50F6AF009775B5 /* LaunchScreen.storyboard */; };
		CF7512992D50F6AF009775B5 /* AppDelegate.swift in Sources */ = {isa = PBXBuildFile; fileRef = CF75128C2D50F6AF009775B5 /* AppDelegate.swift */; };
		CF75129A2D50F6AF009775B5 /* SceneDelegate.swift in Sources */ = {isa = PBXBuildFile; fileRef = CF7512912D50F6AF009775B5 /* SceneDelegate.swift */; };
		CF75129B2D50F6AF009775B5 /* TaskFlow.xcdatamodeld in Sources */ = {isa = PBXBuildFile; fileRef = CF7512922D50F6AF009775B5 /* TaskFlow.xcdatamodeld */; };
		CF75129C2D50F6AF009775B5 /* MainController.swift in Sources */ = {isa = PBXBuildFile; fileRef = CF7512932D50F6AF009775B5 /* MainController.swift */; };
		CF7512A02D50F718009775B5 /* MainView.swift in Sources */ = {isa = PBXBuildFile; fileRef = CF75129F2D50F718009775B5 /* MainView.swift */; };
		CF7512A22D50F71E009775B5 /* MainViewModel.swift in Sources */ = {isa = PBXBuildFile; fileRef = CF7512A12D50F71E009775B5 /* MainViewModel.swift */; };
		CF7512A72D513156009775B5 /* MainTableDataSource.swift in Sources */ = {isa = PBXBuildFile; fileRef = CF7512A62D513156009775B5 /* MainTableDataSource.swift */; };
		CF7512AC2D51372D009775B5 /* MainTableHeaderView.swift in Sources */ = {isa = PBXBuildFile; fileRef = CF7512AB2D51372D009775B5 /* MainTableHeaderView.swift */; };
		CF7512AE2D513811009775B5 /* Constants.swift in Sources */ = {isa = PBXBuildFile; fileRef = CF7512AD2D513811009775B5 /* Constants.swift */; };
		CF7512B02D513950009775B5 /* Fonts.swift in Sources */ = {isa = PBXBuildFile; fileRef = CF7512AF2D513950009775B5 /* Fonts.swift */; };
		CF7512B22D513EB7009775B5 /* MainTableSections.swift in Sources */ = {isa = PBXBuildFile; fileRef = CF7512B12D513EB7009775B5 /* MainTableSections.swift */; };
		CF7512B52D51468F009775B5 /* TableItemSize.swift in Sources */ = {isa = PBXBuildFile; fileRef = CF7512B42D51468F009775B5 /* TableItemSize.swift */; };
		CF7512B72D51476E009775B5 /* MainTableViewCell.swift in Sources */ = {isa = PBXBuildFile; fileRef = CF7512B62D51476E009775B5 /* MainTableViewCell.swift */; };
		CF7512BB2D5170E9009775B5 /* TaskCounterView.swift in Sources */ = {isa = PBXBuildFile; fileRef = CF7512BA2D5170E9009775B5 /* TaskCounterView.swift */; };
		CF7512C32D536DB3009775B5 /* Todo.swift in Sources */ = {isa = PBXBuildFile; fileRef = CF7512C12D536DB3009775B5 /* Todo.swift */; };
		CF9EB9562D550E8A00F6C843 /* MainTableDelegate.swift in Sources */ = {isa = PBXBuildFile; fileRef = CF9EB9552D550E8A00F6C843 /* MainTableDelegate.swift */; };
		CF9EB9582D55149600F6C843 /* TableStates.swift in Sources */ = {isa = PBXBuildFile; fileRef = CF9EB9572D55149600F6C843 /* TableStates.swift */; };
		CF9EB95A2D552B7800F6C843 /* SelectedColor.swift in Sources */ = {isa = PBXBuildFile; fileRef = CF9EB9592D552B7800F6C843 /* SelectedColor.swift */; };
		CF9EB95C2D55389F00F6C843 /* ElementsSize.swift in Sources */ = {isa = PBXBuildFile; fileRef = CF9EB95B2D55389F00F6C843 /* ElementsSize.swift */; };
		CF9EB9632D560FD700F6C843 /* SystemImages.swift in Sources */ = {isa = PBXBuildFile; fileRef = CF9EB9622D560FD700F6C843 /* SystemImages.swift */; };
		CFD41ECA2D5A6C4C00AEBC57 /* TodoTableDiffableDataSource.swift in Sources */ = {isa = PBXBuildFile; fileRef = CFD41EC92D5A6C4C00AEBC57 /* TodoTableDiffableDataSource.swift */; };
		CFD41ED02D5B42E900AEBC57 /* KeyboardObserver.swift in Sources */ = {isa = PBXBuildFile; fileRef = CFD41ECF2D5B42E900AEBC57 /* KeyboardObserver.swift */; };
		CFD41ED32D5B761700AEBC57 /* SwipeDirections.swift in Sources */ = {isa = PBXBuildFile; fileRef = CFD41ED22D5B761700AEBC57 /* SwipeDirections.swift */; };
/* End PBXBuildFile section */

/* Begin PBXFileReference section */
		CF2760A92D58CE2C002A6DED /* TodoTableViewCell.swift */ = {isa = PBXFileReference; lastKnownFileType = sourcecode.swift; path = TodoTableViewCell.swift; sourceTree = "<group>"; };
		CF2760AB2D58D516002A6DED /* TodoCellSize.swift */ = {isa = PBXFileReference; lastKnownFileType = sourcecode.swift; path = TodoCellSize.swift; sourceTree = "<group>"; };
		CF6DF3292D53E7D600D5F369 /* UIInsets.swift */ = {isa = PBXFileReference; lastKnownFileType = sourcecode.swift; path = UIInsets.swift; sourceTree = "<group>"; };
		CF6DF32B2D53E80300D5F369 /* HeaderSize.swift */ = {isa = PBXFileReference; lastKnownFileType = sourcecode.swift; path = HeaderSize.swift; sourceTree = "<group>"; };
		CF7512712D50F669009775B5 /* TaskFlow.app */ = {isa = PBXFileReference; explicitFileType = wrapper.application; includeInIndex = 0; path = TaskFlow.app; sourceTree = BUILT_PRODUCTS_DIR; };
		CF75128C2D50F6AF009775B5 /* AppDelegate.swift */ = {isa = PBXFileReference; lastKnownFileType = sourcecode.swift; path = AppDelegate.swift; sourceTree = "<group>"; };
		CF75128D2D50F6AF009775B5 /* Assets.xcassets */ = {isa = PBXFileReference; lastKnownFileType = folder.assetcatalog; path = Assets.xcassets; sourceTree = "<group>"; };
		CF75128E2D50F6AF009775B5 /* Info.plist */ = {isa = PBXFileReference; lastKnownFileType = text.plist.xml; path = Info.plist; sourceTree = "<group>"; };
		CF75128F2D50F6AF009775B5 /* Base */ = {isa = PBXFileReference; lastKnownFileType = file.storyboard; name = Base; path = Base.lproj/LaunchScreen.storyboard; sourceTree = "<group>"; };
		CF7512912D50F6AF009775B5 /* SceneDelegate.swift */ = {isa = PBXFileReference; lastKnownFileType = sourcecode.swift; path = SceneDelegate.swift; sourceTree = "<group>"; };
		CF7512932D50F6AF009775B5 /* MainController.swift */ = {isa = PBXFileReference; lastKnownFileType = sourcecode.swift; path = MainController.swift; sourceTree = "<group>"; };
		CF7512952D50F6AF009775B5 /* TaskFlow.xcdatamodel */ = {isa = PBXFileReference; lastKnownFileType = wrapper.xcdatamodel; path = TaskFlow.xcdatamodel; sourceTree = "<group>"; };
		CF75129F2D50F718009775B5 /* MainView.swift */ = {isa = PBXFileReference; lastKnownFileType = sourcecode.swift; path = MainView.swift; sourceTree = "<group>"; };
		CF7512A12D50F71E009775B5 /* MainViewModel.swift */ = {isa = PBXFileReference; lastKnownFileType = sourcecode.swift; path = MainViewModel.swift; sourceTree = "<group>"; };
		CF7512A62D513156009775B5 /* MainTableDataSource.swift */ = {isa = PBXFileReference; lastKnownFileType = sourcecode.swift; path = MainTableDataSource.swift; sourceTree = "<group>"; };
		CF7512AB2D51372D009775B5 /* MainTableHeaderView.swift */ = {isa = PBXFileReference; lastKnownFileType = sourcecode.swift; path = MainTableHeaderView.swift; sourceTree = "<group>"; };
		CF7512AD2D513811009775B5 /* Constants.swift */ = {isa = PBXFileReference; lastKnownFileType = sourcecode.swift; path = Constants.swift; sourceTree = "<group>"; };
		CF7512AF2D513950009775B5 /* Fonts.swift */ = {isa = PBXFileReference; lastKnownFileType = sourcecode.swift; path = Fonts.swift; sourceTree = "<group>"; };
		CF7512B12D513EB7009775B5 /* MainTableSections.swift */ = {isa = PBXFileReference; lastKnownFileType = sourcecode.swift; path = MainTableSections.swift; sourceTree = "<group>"; };
		CF7512B42D51468F009775B5 /* TableItemSize.swift */ = {isa = PBXFileReference; lastKnownFileType = sourcecode.swift; path = TableItemSize.swift; sourceTree = "<group>"; };
		CF7512B62D51476E009775B5 /* MainTableViewCell.swift */ = {isa = PBXFileReference; lastKnownFileType = sourcecode.swift; path = MainTableViewCell.swift; sourceTree = "<group>"; };
		CF7512BA2D5170E9009775B5 /* TaskCounterView.swift */ = {isa = PBXFileReference; lastKnownFileType = sourcecode.swift; path = TaskCounterView.swift; sourceTree = "<group>"; };
		CF7512C12D536DB3009775B5 /* Todo.swift */ = {isa = PBXFileReference; lastKnownFileType = sourcecode.swift; path = Todo.swift; sourceTree = "<group>"; };
		CF9EB9552D550E8A00F6C843 /* MainTableDelegate.swift */ = {isa = PBXFileReference; lastKnownFileType = sourcecode.swift; path = MainTableDelegate.swift; sourceTree = "<group>"; };
		CF9EB9572D55149600F6C843 /* TableStates.swift */ = {isa = PBXFileReference; lastKnownFileType = sourcecode.swift; path = TableStates.swift; sourceTree = "<group>"; };
		CF9EB9592D552B7800F6C843 /* SelectedColor.swift */ = {isa = PBXFileReference; lastKnownFileType = sourcecode.swift; path = SelectedColor.swift; sourceTree = "<group>"; };
		CF9EB95B2D55389F00F6C843 /* ElementsSize.swift */ = {isa = PBXFileReference; lastKnownFileType = sourcecode.swift; path = ElementsSize.swift; sourceTree = "<group>"; };
		CF9EB9622D560FD700F6C843 /* SystemImages.swift */ = {isa = PBXFileReference; lastKnownFileType = sourcecode.swift; path = SystemImages.swift; sourceTree = "<group>"; };
		CFD41EC92D5A6C4C00AEBC57 /* TodoTableDiffableDataSource.swift */ = {isa = PBXFileReference; lastKnownFileType = sourcecode.swift; path = TodoTableDiffableDataSource.swift; sourceTree = "<group>"; };
		CFD41ECF2D5B42E900AEBC57 /* KeyboardObserver.swift */ = {isa = PBXFileReference; lastKnownFileType = sourcecode.swift; path = KeyboardObserver.swift; sourceTree = "<group>"; };
		CFD41ED22D5B761700AEBC57 /* SwipeDirections.swift */ = {isa = PBXFileReference; lastKnownFileType = sourcecode.swift; path = SwipeDirections.swift; sourceTree = "<group>"; };
/* End PBXFileReference section */

/* Begin PBXFrameworksBuildPhase section */
		CF75126E2D50F669009775B5 /* Frameworks */ = {
			isa = PBXFrameworksBuildPhase;
			buildActionMask = 2147483647;
			files = (
			);
			runOnlyForDeploymentPostprocessing = 0;
		};
/* End PBXFrameworksBuildPhase section */

/* Begin PBXGroup section */
		CF7512682D50F669009775B5 = {
			isa = PBXGroup;
			children = (
				CF7512942D50F6AF009775B5 /* TaskFlow */,
				CF7512722D50F669009775B5 /* Products */,
			);
			sourceTree = "<group>";
		};
		CF7512722D50F669009775B5 /* Products */ = {
			isa = PBXGroup;
			children = (
				CF7512712D50F669009775B5 /* TaskFlow.app */,
			);
			name = Products;
			sourceTree = "<group>";
		};
		CF7512942D50F6AF009775B5 /* TaskFlow */ = {
			isa = PBXGroup;
			children = (
				CF75128E2D50F6AF009775B5 /* Info.plist */,
				CF7512902D50F6AF009775B5 /* LaunchScreen.storyboard */,
				CF7512922D50F6AF009775B5 /* TaskFlow.xcdatamodeld */,
				CF75128D2D50F6AF009775B5 /* Assets.xcassets */,
				CF75128C2D50F6AF009775B5 /* AppDelegate.swift */,
				CF7512912D50F6AF009775B5 /* SceneDelegate.swift */,
				CF75129D2D50F6E5009775B5 /* Sources */,
			);
			path = TaskFlow;
			sourceTree = "<group>";
		};
		CF75129D2D50F6E5009775B5 /* Sources */ = {
			isa = PBXGroup;
			children = (
				CFD41ECE2D5B42DF00AEBC57 /* Observers */,
				CF7512A32D50F722009775B5 /* Utilities */,
				CF7512C22D536DB3009775B5 /* Model */,
				CF7512AA2D51371A009775B5 /* CustomViews */,
				CF75129E2D50F6EC009775B5 /* MainScreen */,
			);
			path = Sources;
			sourceTree = "<group>";
		};
		CF75129E2D50F6EC009775B5 /* MainScreen */ = {
			isa = PBXGroup;
			children = (
				CF7512932D50F6AF009775B5 /* MainController.swift */,
				CF7512A12D50F71E009775B5 /* MainViewModel.swift */,
				CF75129F2D50F718009775B5 /* MainView.swift */,
				CF7512A52D513146009775B5 /* Delegate */,
				CF7512A42D513140009775B5 /* DataSource */,
				CF7512B32D51447B009775B5 /* TableViewData */,
			);
			path = MainScreen;
			sourceTree = "<group>";
		};
		CF7512A32D50F722009775B5 /* Utilities */ = {
			isa = PBXGroup;
			children = (
				CFD41ED12D5B760D00AEBC57 /* GestureDirections */,
				CF9EB9612D560FCC00F6C843 /* SystemImages */,
				CF9EB9602D560E1E00F6C843 /* UIElementsSize */,
				CF9EB95F2D560E0E00F6C843 /* Sections */,
				CF9EB95E2D560E0000F6C843 /* Constants */,
				CF9EB95D2D560DF300F6C843 /* Colors */,
			);
			path = Utilities;
			sourceTree = "<group>";
		};
		CF7512A42D513140009775B5 /* DataSource */ = {
			isa = PBXGroup;
			children = (
				CF7512A62D513156009775B5 /* MainTableDataSource.swift */,
				CFD41EC92D5A6C4C00AEBC57 /* TodoTableDiffableDataSource.swift */,
			);
			path = DataSource;
			sourceTree = "<group>";
		};
		CF7512A52D513146009775B5 /* Delegate */ = {
			isa = PBXGroup;
			children = (
				CF9EB9552D550E8A00F6C843 /* MainTableDelegate.swift */,
			);
			path = Delegate;
			sourceTree = "<group>";
		};
		CF7512AA2D51371A009775B5 /* CustomViews */ = {
			isa = PBXGroup;
			children = (
				CF7512AB2D51372D009775B5 /* MainTableHeaderView.swift */,
				CF7512BA2D5170E9009775B5 /* TaskCounterView.swift */,
			);
			path = CustomViews;
			sourceTree = "<group>";
		};
		CF7512B32D51447B009775B5 /* TableViewData */ = {
			isa = PBXGroup;
			children = (
				CF7512B62D51476E009775B5 /* MainTableViewCell.swift */,
				CF2760A92D58CE2C002A6DED /* TodoTableViewCell.swift */,
			);
			path = TableViewData;
			sourceTree = "<group>";
		};
		CF7512C22D536DB3009775B5 /* Model */ = {
			isa = PBXGroup;
			children = (
				CF7512C12D536DB3009775B5 /* Todo.swift */,
			);
			path = Model;
			sourceTree = "<group>";
		};
		CF9EB95D2D560DF300F6C843 /* Colors */ = {
			isa = PBXGroup;
			children = (
				CF9EB9592D552B7800F6C843 /* SelectedColor.swift */,
			);
			path = Colors;
			sourceTree = "<group>";
		};
		CF9EB95E2D560E0000F6C843 /* Constants */ = {
			isa = PBXGroup;
			children = (
				CF7512AD2D513811009775B5 /* Constants.swift */,
				CF7512AF2D513950009775B5 /* Fonts.swift */,
			);
			path = Constants;
			sourceTree = "<group>";
		};
		CF9EB95F2D560E0E00F6C843 /* Sections */ = {
			isa = PBXGroup;
			children = (
				CF9EB9572D55149600F6C843 /* TableStates.swift */,
				CF7512B12D513EB7009775B5 /* MainTableSections.swift */,
			);
			path = Sections;
			sourceTree = "<group>";
		};
		CF9EB9602D560E1E00F6C843 /* UIElementsSize */ = {
			isa = PBXGroup;
			children = (
				CF7512B42D51468F009775B5 /* TableItemSize.swift */,
				CF6DF32B2D53E80300D5F369 /* HeaderSize.swift */,
				CF6DF3292D53E7D600D5F369 /* UIInsets.swift */,
				CF9EB95B2D55389F00F6C843 /* ElementsSize.swift */,
				CF2760AB2D58D516002A6DED /* TodoCellSize.swift */,
			);
			path = UIElementsSize;
			sourceTree = "<group>";
		};
		CF9EB9612D560FCC00F6C843 /* SystemImages */ = {
			isa = PBXGroup;
			children = (
				CF9EB9622D560FD700F6C843 /* SystemImages.swift */,
			);
			path = SystemImages;
			sourceTree = "<group>";
		};
		CFD41ECE2D5B42DF00AEBC57 /* Observers */ = {
			isa = PBXGroup;
			children = (
				CFD41ECF2D5B42E900AEBC57 /* KeyboardObserver.swift */,
			);
			path = Observers;
			sourceTree = "<group>";
		};
		CFD41ED12D5B760D00AEBC57 /* GestureDirections */ = {
			isa = PBXGroup;
			children = (
				CFD41ED22D5B761700AEBC57 /* SwipeDirections.swift */,
			);
			path = GestureDirections;
			sourceTree = "<group>";
		};
/* End PBXGroup section */

/* Begin PBXNativeTarget section */
		CF7512702D50F669009775B5 /* TaskFlow */ = {
			isa = PBXNativeTarget;
			buildConfigurationList = CF7512872D50F66C009775B5 /* Build configuration list for PBXNativeTarget "TaskFlow" */;
			buildPhases = (
				CF75126D2D50F669009775B5 /* Sources */,
				CF75126E2D50F669009775B5 /* Frameworks */,
				CF75126F2D50F669009775B5 /* Resources */,
			);
			buildRules = (
			);
			dependencies = (
			);
			name = TaskFlow;
			packageProductDependencies = (
			);
			productName = TaskFlow;
			productReference = CF7512712D50F669009775B5 /* TaskFlow.app */;
			productType = "com.apple.product-type.application";
		};
/* End PBXNativeTarget section */

/* Begin PBXProject section */
		CF7512692D50F669009775B5 /* Project object */ = {
			isa = PBXProject;
			attributes = {
				BuildIndependentTargetsInParallel = 1;
				LastSwiftUpdateCheck = 1600;
				LastUpgradeCheck = 1600;
				TargetAttributes = {
					CF7512702D50F669009775B5 = {
						CreatedOnToolsVersion = 16.0;
					};
				};
			};
			buildConfigurationList = CF75126C2D50F669009775B5 /* Build configuration list for PBXProject "TaskFlow" */;
			developmentRegion = en;
			hasScannedForEncodings = 0;
			knownRegions = (
				en,
				Base,
			);
			mainGroup = CF7512682D50F669009775B5;
			minimizedProjectReferenceProxies = 1;
			preferredProjectObjectVersion = 77;
			productRefGroup = CF7512722D50F669009775B5 /* Products */;
			projectDirPath = "";
			projectRoot = "";
			targets = (
				CF7512702D50F669009775B5 /* TaskFlow */,
			);
		};
/* End PBXProject section */

/* Begin PBXResourcesBuildPhase section */
		CF75126F2D50F669009775B5 /* Resources */ = {
			isa = PBXResourcesBuildPhase;
			buildActionMask = 2147483647;
			files = (
				CF7512962D50F6AF009775B5 /* Assets.xcassets in Resources */,
				CF7512982D50F6AF009775B5 /* LaunchScreen.storyboard in Resources */,
			);
			runOnlyForDeploymentPostprocessing = 0;
		};
/* End PBXResourcesBuildPhase section */

/* Begin PBXSourcesBuildPhase section */
		CF75126D2D50F669009775B5 /* Sources */ = {
			isa = PBXSourcesBuildPhase;
			buildActionMask = 2147483647;
			files = (
				CF9EB95A2D552B7800F6C843 /* SelectedColor.swift in Sources */,
				CF7512AC2D51372D009775B5 /* MainTableHeaderView.swift in Sources */,
				CF7512BB2D5170E9009775B5 /* TaskCounterView.swift in Sources */,
				CF7512992D50F6AF009775B5 /* AppDelegate.swift in Sources */,
				CF2760AA2D58CE2C002A6DED /* TodoTableViewCell.swift in Sources */,
				CF7512A72D513156009775B5 /* MainTableDataSource.swift in Sources */,
				CF75129A2D50F6AF009775B5 /* SceneDelegate.swift in Sources */,
				CF9EB9562D550E8A00F6C843 /* MainTableDelegate.swift in Sources */,
				CF7512B52D51468F009775B5 /* TableItemSize.swift in Sources */,
				CF7512AE2D513811009775B5 /* Constants.swift in Sources */,
				CF9EB9582D55149600F6C843 /* TableStates.swift in Sources */,
				CF7512C32D536DB3009775B5 /* Todo.swift in Sources */,
				CFD41ECA2D5A6C4C00AEBC57 /* TodoTableDiffableDataSource.swift in Sources */,
				CFD41ED32D5B761700AEBC57 /* SwipeDirections.swift in Sources */,
				CF9EB9632D560FD700F6C843 /* SystemImages.swift in Sources */,
				CF6DF32A2D53E7D600D5F369 /* UIInsets.swift in Sources */,
				CF2760AC2D58D516002A6DED /* TodoCellSize.swift in Sources */,
				CF75129B2D50F6AF009775B5 /* TaskFlow.xcdatamodeld in Sources */,
				CF7512A02D50F718009775B5 /* MainView.swift in Sources */,
				CFD41ED02D5B42E900AEBC57 /* KeyboardObserver.swift in Sources */,
				CF7512B02D513950009775B5 /* Fonts.swift in Sources */,
				CF6DF32C2D53E80300D5F369 /* HeaderSize.swift in Sources */,
				CF7512B72D51476E009775B5 /* MainTableViewCell.swift in Sources */,
				CF75129C2D50F6AF009775B5 /* MainController.swift in Sources */,
				CF9EB95C2D55389F00F6C843 /* ElementsSize.swift in Sources */,
				CF7512A22D50F71E009775B5 /* MainViewModel.swift in Sources */,
				CF7512B22D513EB7009775B5 /* MainTableSections.swift in Sources */,
			);
			runOnlyForDeploymentPostprocessing = 0;
		};
/* End PBXSourcesBuildPhase section */

/* Begin PBXVariantGroup section */
		CF7512902D50F6AF009775B5 /* LaunchScreen.storyboard */ = {
			isa = PBXVariantGroup;
			children = (
				CF75128F2D50F6AF009775B5 /* Base */,
			);
			name = LaunchScreen.storyboard;
			sourceTree = "<group>";
		};
/* End PBXVariantGroup section */

/* Begin XCBuildConfiguration section */
		CF7512882D50F66C009775B5 /* Debug */ = {
			isa = XCBuildConfiguration;
			buildSettings = {
				ASSETCATALOG_COMPILER_APPICON_NAME = AppIcon;
				ASSETCATALOG_COMPILER_GLOBAL_ACCENT_COLOR_NAME = AccentColor;
				CODE_SIGN_STYLE = Automatic;
				CURRENT_PROJECT_VERSION = 1;
				DEVELOPMENT_TEAM = AJ5QNVYP6Y;
				GENERATE_INFOPLIST_FILE = YES;
				INFOPLIST_FILE = TaskFlow/Info.plist;
				INFOPLIST_KEY_UIApplicationSupportsIndirectInputEvents = YES;
				INFOPLIST_KEY_UILaunchStoryboardName = LaunchScreen;
				INFOPLIST_KEY_UISupportedInterfaceOrientations_iPad = "UIInterfaceOrientationPortrait UIInterfaceOrientationPortraitUpsideDown UIInterfaceOrientationLandscapeLeft UIInterfaceOrientationLandscapeRight";
				INFOPLIST_KEY_UISupportedInterfaceOrientations_iPhone = "UIInterfaceOrientationPortrait UIInterfaceOrientationLandscapeLeft UIInterfaceOrientationLandscapeRight";
				LD_RUNPATH_SEARCH_PATHS = (
					"$(inherited)",
					"@executable_path/Frameworks",
				);
				MARKETING_VERSION = 1.0;
				PRODUCT_BUNDLE_IDENTIFIER = ru.yandex.TaskFlow;
				PRODUCT_NAME = "$(TARGET_NAME)";
				SWIFT_EMIT_LOC_STRINGS = YES;
				SWIFT_VERSION = 5.0;
				TARGETED_DEVICE_FAMILY = "1,2";
			};
			name = Debug;
		};
		CF7512892D50F66C009775B5 /* Release */ = {
			isa = XCBuildConfiguration;
			buildSettings = {
				ASSETCATALOG_COMPILER_APPICON_NAME = AppIcon;
				ASSETCATALOG_COMPILER_GLOBAL_ACCENT_COLOR_NAME = AccentColor;
				CODE_SIGN_STYLE = Automatic;
				CURRENT_PROJECT_VERSION = 1;
				DEVELOPMENT_TEAM = AJ5QNVYP6Y;
				GENERATE_INFOPLIST_FILE = YES;
				INFOPLIST_FILE = TaskFlow/Info.plist;
				INFOPLIST_KEY_UIApplicationSupportsIndirectInputEvents = YES;
				INFOPLIST_KEY_UILaunchStoryboardName = LaunchScreen;
				INFOPLIST_KEY_UISupportedInterfaceOrientations_iPad = "UIInterfaceOrientationPortrait UIInterfaceOrientationPortraitUpsideDown UIInterfaceOrientationLandscapeLeft UIInterfaceOrientationLandscapeRight";
				INFOPLIST_KEY_UISupportedInterfaceOrientations_iPhone = "UIInterfaceOrientationPortrait UIInterfaceOrientationLandscapeLeft UIInterfaceOrientationLandscapeRight";
				LD_RUNPATH_SEARCH_PATHS = (
					"$(inherited)",
					"@executable_path/Frameworks",
				);
				MARKETING_VERSION = 1.0;
				PRODUCT_BUNDLE_IDENTIFIER = ru.yandex.TaskFlow;
				PRODUCT_NAME = "$(TARGET_NAME)";
				SWIFT_EMIT_LOC_STRINGS = YES;
				SWIFT_VERSION = 5.0;
				TARGETED_DEVICE_FAMILY = "1,2";
			};
			name = Release;
		};
		CF75128A2D50F66C009775B5 /* Debug */ = {
			isa = XCBuildConfiguration;
			buildSettings = {
				ALWAYS_SEARCH_USER_PATHS = NO;
				ASSETCATALOG_COMPILER_GENERATE_SWIFT_ASSET_SYMBOL_EXTENSIONS = YES;
				CLANG_ANALYZER_NONNULL = YES;
				CLANG_ANALYZER_NUMBER_OBJECT_CONVERSION = YES_AGGRESSIVE;
				CLANG_CXX_LANGUAGE_STANDARD = "gnu++20";
				CLANG_ENABLE_MODULES = YES;
				CLANG_ENABLE_OBJC_ARC = YES;
				CLANG_ENABLE_OBJC_WEAK = YES;
				CLANG_WARN_BLOCK_CAPTURE_AUTORELEASING = YES;
				CLANG_WARN_BOOL_CONVERSION = YES;
				CLANG_WARN_COMMA = YES;
				CLANG_WARN_CONSTANT_CONVERSION = YES;
				CLANG_WARN_DEPRECATED_OBJC_IMPLEMENTATIONS = YES;
				CLANG_WARN_DIRECT_OBJC_ISA_USAGE = YES_ERROR;
				CLANG_WARN_DOCUMENTATION_COMMENTS = YES;
				CLANG_WARN_EMPTY_BODY = YES;
				CLANG_WARN_ENUM_CONVERSION = YES;
				CLANG_WARN_INFINITE_RECURSION = YES;
				CLANG_WARN_INT_CONVERSION = YES;
				CLANG_WARN_NON_LITERAL_NULL_CONVERSION = YES;
				CLANG_WARN_OBJC_IMPLICIT_RETAIN_SELF = YES;
				CLANG_WARN_OBJC_LITERAL_CONVERSION = YES;
				CLANG_WARN_OBJC_ROOT_CLASS = YES_ERROR;
				CLANG_WARN_QUOTED_INCLUDE_IN_FRAMEWORK_HEADER = YES;
				CLANG_WARN_RANGE_LOOP_ANALYSIS = YES;
				CLANG_WARN_STRICT_PROTOTYPES = YES;
				CLANG_WARN_SUSPICIOUS_MOVE = YES;
				CLANG_WARN_UNGUARDED_AVAILABILITY = YES_AGGRESSIVE;
				CLANG_WARN_UNREACHABLE_CODE = YES;
				CLANG_WARN__DUPLICATE_METHOD_MATCH = YES;
				COPY_PHASE_STRIP = NO;
				DEBUG_INFORMATION_FORMAT = dwarf;
				ENABLE_STRICT_OBJC_MSGSEND = YES;
				ENABLE_TESTABILITY = YES;
				ENABLE_USER_SCRIPT_SANDBOXING = YES;
				GCC_C_LANGUAGE_STANDARD = gnu17;
				GCC_DYNAMIC_NO_PIC = NO;
				GCC_NO_COMMON_BLOCKS = YES;
				GCC_OPTIMIZATION_LEVEL = 0;
				GCC_PREPROCESSOR_DEFINITIONS = (
					"DEBUG=1",
					"$(inherited)",
				);
				GCC_WARN_64_TO_32_BIT_CONVERSION = YES;
				GCC_WARN_ABOUT_RETURN_TYPE = YES_ERROR;
				GCC_WARN_UNDECLARED_SELECTOR = YES;
				GCC_WARN_UNINITIALIZED_AUTOS = YES_AGGRESSIVE;
				GCC_WARN_UNUSED_FUNCTION = YES;
				GCC_WARN_UNUSED_VARIABLE = YES;
				IPHONEOS_DEPLOYMENT_TARGET = 18.0;
				LOCALIZATION_PREFERS_STRING_CATALOGS = YES;
				MTL_ENABLE_DEBUG_INFO = INCLUDE_SOURCE;
				MTL_FAST_MATH = YES;
				ONLY_ACTIVE_ARCH = YES;
				SDKROOT = iphoneos;
				SWIFT_ACTIVE_COMPILATION_CONDITIONS = "DEBUG $(inherited)";
				SWIFT_OPTIMIZATION_LEVEL = "-Onone";
			};
			name = Debug;
		};
		CF75128B2D50F66C009775B5 /* Release */ = {
			isa = XCBuildConfiguration;
			buildSettings = {
				ALWAYS_SEARCH_USER_PATHS = NO;
				ASSETCATALOG_COMPILER_GENERATE_SWIFT_ASSET_SYMBOL_EXTENSIONS = YES;
				CLANG_ANALYZER_NONNULL = YES;
				CLANG_ANALYZER_NUMBER_OBJECT_CONVERSION = YES_AGGRESSIVE;
				CLANG_CXX_LANGUAGE_STANDARD = "gnu++20";
				CLANG_ENABLE_MODULES = YES;
				CLANG_ENABLE_OBJC_ARC = YES;
				CLANG_ENABLE_OBJC_WEAK = YES;
				CLANG_WARN_BLOCK_CAPTURE_AUTORELEASING = YES;
				CLANG_WARN_BOOL_CONVERSION = YES;
				CLANG_WARN_COMMA = YES;
				CLANG_WARN_CONSTANT_CONVERSION = YES;
				CLANG_WARN_DEPRECATED_OBJC_IMPLEMENTATIONS = YES;
				CLANG_WARN_DIRECT_OBJC_ISA_USAGE = YES_ERROR;
				CLANG_WARN_DOCUMENTATION_COMMENTS = YES;
				CLANG_WARN_EMPTY_BODY = YES;
				CLANG_WARN_ENUM_CONVERSION = YES;
				CLANG_WARN_INFINITE_RECURSION = YES;
				CLANG_WARN_INT_CONVERSION = YES;
				CLANG_WARN_NON_LITERAL_NULL_CONVERSION = YES;
				CLANG_WARN_OBJC_IMPLICIT_RETAIN_SELF = YES;
				CLANG_WARN_OBJC_LITERAL_CONVERSION = YES;
				CLANG_WARN_OBJC_ROOT_CLASS = YES_ERROR;
				CLANG_WARN_QUOTED_INCLUDE_IN_FRAMEWORK_HEADER = YES;
				CLANG_WARN_RANGE_LOOP_ANALYSIS = YES;
				CLANG_WARN_STRICT_PROTOTYPES = YES;
				CLANG_WARN_SUSPICIOUS_MOVE = YES;
				CLANG_WARN_UNGUARDED_AVAILABILITY = YES_AGGRESSIVE;
				CLANG_WARN_UNREACHABLE_CODE = YES;
				CLANG_WARN__DUPLICATE_METHOD_MATCH = YES;
				COPY_PHASE_STRIP = NO;
				DEBUG_INFORMATION_FORMAT = "dwarf-with-dsym";
				ENABLE_NS_ASSERTIONS = NO;
				ENABLE_STRICT_OBJC_MSGSEND = YES;
				ENABLE_USER_SCRIPT_SANDBOXING = YES;
				GCC_C_LANGUAGE_STANDARD = gnu17;
				GCC_NO_COMMON_BLOCKS = YES;
				GCC_WARN_64_TO_32_BIT_CONVERSION = YES;
				GCC_WARN_ABOUT_RETURN_TYPE = YES_ERROR;
				GCC_WARN_UNDECLARED_SELECTOR = YES;
				GCC_WARN_UNINITIALIZED_AUTOS = YES_AGGRESSIVE;
				GCC_WARN_UNUSED_FUNCTION = YES;
				GCC_WARN_UNUSED_VARIABLE = YES;
				IPHONEOS_DEPLOYMENT_TARGET = 18.0;
				LOCALIZATION_PREFERS_STRING_CATALOGS = YES;
				MTL_ENABLE_DEBUG_INFO = NO;
				MTL_FAST_MATH = YES;
				SDKROOT = iphoneos;
				SWIFT_COMPILATION_MODE = wholemodule;
				VALIDATE_PRODUCT = YES;
			};
			name = Release;
		};
/* End XCBuildConfiguration section */

/* Begin XCConfigurationList section */
		CF75126C2D50F669009775B5 /* Build configuration list for PBXProject "TaskFlow" */ = {
			isa = XCConfigurationList;
			buildConfigurations = (
				CF75128A2D50F66C009775B5 /* Debug */,
				CF75128B2D50F66C009775B5 /* Release */,
			);
			defaultConfigurationIsVisible = 0;
			defaultConfigurationName = Release;
		};
		CF7512872D50F66C009775B5 /* Build configuration list for PBXNativeTarget "TaskFlow" */ = {
			isa = XCConfigurationList;
			buildConfigurations = (
				CF7512882D50F66C009775B5 /* Debug */,
				CF7512892D50F66C009775B5 /* Release */,
			);
			defaultConfigurationIsVisible = 0;
			defaultConfigurationName = Release;
		};
/* End XCConfigurationList section */

/* Begin XCVersionGroup section */
		CF7512922D50F6AF009775B5 /* TaskFlow.xcdatamodeld */ = {
			isa = XCVersionGroup;
			children = (
				CF7512952D50F6AF009775B5 /* TaskFlow.xcdatamodel */,
			);
			currentVersion = CF7512952D50F6AF009775B5 /* TaskFlow.xcdatamodel */;
			path = TaskFlow.xcdatamodeld;
			sourceTree = "<group>";
			versionGroupType = wrapper.xcdatamodel;
		};
/* End XCVersionGroup section */
	};
	rootObject = CF7512692D50F669009775B5 /* Project object */;
}
